// !$*UTF8*$!
{
	archiveVersion = 1;
	classes = {
	};
	objectVersion = 56;
	objects = {

/* Begin PBXBuildFile section */
		5970BB592BDB98CF00172C87 /* AppDelegate.swift in Sources */ = {isa = PBXBuildFile; fileRef = 5970BB582BDB98CF00172C87 /* AppDelegate.swift */; };
		5970BB5B2BDB98CF00172C87 /* SceneDelegate.swift in Sources */ = {isa = PBXBuildFile; fileRef = 5970BB5A2BDB98CF00172C87 /* SceneDelegate.swift */; };
		5970BB5D2BDB98CF00172C87 /* MainTabBarViewController.swift in Sources */ = {isa = PBXBuildFile; fileRef = 5970BB5C2BDB98CF00172C87 /* MainTabBarViewController.swift */; };
		5970BB622BDB98D000172C87 /* Assets.xcassets in Resources */ = {isa = PBXBuildFile; fileRef = 5970BB612BDB98D000172C87 /* Assets.xcassets */; };
		5970BB652BDB98D000172C87 /* Base in Resources */ = {isa = PBXBuildFile; fileRef = 5970BB642BDB98D000172C87 /* Base */; };
		5970BB702BDB98D000172C87 /* NetflixCloneTests.swift in Sources */ = {isa = PBXBuildFile; fileRef = 5970BB6F2BDB98D000172C87 /* NetflixCloneTests.swift */; };
		5970BB7A2BDB98D000172C87 /* NetflixCloneUITests.swift in Sources */ = {isa = PBXBuildFile; fileRef = 5970BB792BDB98D000172C87 /* NetflixCloneUITests.swift */; };
		5970BB7C2BDB98D000172C87 /* NetflixCloneUITestsLaunchTests.swift in Sources */ = {isa = PBXBuildFile; fileRef = 5970BB7B2BDB98D000172C87 /* NetflixCloneUITestsLaunchTests.swift */; };
		5970BB8A2BDB9D5800172C87 /* HomeViewController.swift in Sources */ = {isa = PBXBuildFile; fileRef = 5970BB892BDB9D5800172C87 /* HomeViewController.swift */; };
		5970BB8C2BDB9D6700172C87 /* UpcomingViewController.swift in Sources */ = {isa = PBXBuildFile; fileRef = 5970BB8B2BDB9D6700172C87 /* UpcomingViewController.swift */; };
		5970BB8E2BDB9DAC00172C87 /* SearchViewController.swift in Sources */ = {isa = PBXBuildFile; fileRef = 5970BB8D2BDB9DAC00172C87 /* SearchViewController.swift */; };
		5970BB902BDB9DB800172C87 /* DownloadsViewController.swift in Sources */ = {isa = PBXBuildFile; fileRef = 5970BB8F2BDB9DB800172C87 /* DownloadsViewController.swift */; };
		5970BB972BDBBDF800172C87 /* CollectionViewTableViewCell.swift in Sources */ = {isa = PBXBuildFile; fileRef = 5970BB962BDBBDF800172C87 /* CollectionViewTableViewCell.swift */; };
		5970BB992BDBDB5700172C87 /* HeroHeaderUIView.swift in Sources */ = {isa = PBXBuildFile; fileRef = 5970BB982BDBDB5700172C87 /* HeroHeaderUIView.swift */; };
		59887B872BE0DC6700E8012C /* APICaller.swift in Sources */ = {isa = PBXBuildFile; fileRef = 59887B862BE0DC6700E8012C /* APICaller.swift */; };
		59887B892BE0E3C000E8012C /* Title.swift in Sources */ = {isa = PBXBuildFile; fileRef = 59887B882BE0E3C000E8012C /* Title.swift */; };
		59887B8B2BE1035E00E8012C /* Extensions.swift in Sources */ = {isa = PBXBuildFile; fileRef = 59887B8A2BE1035E00E8012C /* Extensions.swift */; };
		59887B8F2BE12A9A00E8012C /* TitleCollectionViewCell.swift in Sources */ = {isa = PBXBuildFile; fileRef = 59887B8E2BE12A9A00E8012C /* TitleCollectionViewCell.swift */; };
		59887B922BE12C5800E8012C /* SDWebImage in Frameworks */ = {isa = PBXBuildFile; productRef = 59887B912BE12C5800E8012C /* SDWebImage */; };
		59887B942BE12C5800E8012C /* SDWebImageMapKit in Frameworks */ = {isa = PBXBuildFile; productRef = 59887B932BE12C5800E8012C /* SDWebImageMapKit */; };
/* End PBXBuildFile section */

/* Begin PBXContainerItemProxy section */
		5970BB6C2BDB98D000172C87 /* PBXContainerItemProxy */ = {
			isa = PBXContainerItemProxy;
			containerPortal = 5970BB4D2BDB98CF00172C87 /* Project object */;
			proxyType = 1;
			remoteGlobalIDString = 5970BB542BDB98CF00172C87;
			remoteInfo = NetflixClone;
		};
		5970BB762BDB98D000172C87 /* PBXContainerItemProxy */ = {
			isa = PBXContainerItemProxy;
			containerPortal = 5970BB4D2BDB98CF00172C87 /* Project object */;
			proxyType = 1;
			remoteGlobalIDString = 5970BB542BDB98CF00172C87;
			remoteInfo = NetflixClone;
		};
/* End PBXContainerItemProxy section */

/* Begin PBXFileReference section */
		5970BB552BDB98CF00172C87 /* NetflixClone.app */ = {isa = PBXFileReference; explicitFileType = wrapper.application; includeInIndex = 0; path = NetflixClone.app; sourceTree = BUILT_PRODUCTS_DIR; };
		5970BB582BDB98CF00172C87 /* AppDelegate.swift */ = {isa = PBXFileReference; lastKnownFileType = sourcecode.swift; path = AppDelegate.swift; sourceTree = "<group>"; };
		5970BB5A2BDB98CF00172C87 /* SceneDelegate.swift */ = {isa = PBXFileReference; lastKnownFileType = sourcecode.swift; path = SceneDelegate.swift; sourceTree = "<group>"; };
		5970BB5C2BDB98CF00172C87 /* MainTabBarViewController.swift */ = {isa = PBXFileReference; lastKnownFileType = sourcecode.swift; path = MainTabBarViewController.swift; sourceTree = "<group>"; };
		5970BB612BDB98D000172C87 /* Assets.xcassets */ = {isa = PBXFileReference; lastKnownFileType = folder.assetcatalog; path = Assets.xcassets; sourceTree = "<group>"; };
		5970BB642BDB98D000172C87 /* Base */ = {isa = PBXFileReference; lastKnownFileType = file.storyboard; name = Base; path = Base.lproj/LaunchScreen.storyboard; sourceTree = "<group>"; };
		5970BB662BDB98D000172C87 /* Info.plist */ = {isa = PBXFileReference; lastKnownFileType = text.plist.xml; path = Info.plist; sourceTree = "<group>"; };
		5970BB6B2BDB98D000172C87 /* NetflixCloneTests.xctest */ = {isa = PBXFileReference; explicitFileType = wrapper.cfbundle; includeInIndex = 0; path = NetflixCloneTests.xctest; sourceTree = BUILT_PRODUCTS_DIR; };
		5970BB6F2BDB98D000172C87 /* NetflixCloneTests.swift */ = {isa = PBXFileReference; lastKnownFileType = sourcecode.swift; path = NetflixCloneTests.swift; sourceTree = "<group>"; };
		5970BB752BDB98D000172C87 /* NetflixCloneUITests.xctest */ = {isa = PBXFileReference; explicitFileType = wrapper.cfbundle; includeInIndex = 0; path = NetflixCloneUITests.xctest; sourceTree = BUILT_PRODUCTS_DIR; };
		5970BB792BDB98D000172C87 /* NetflixCloneUITests.swift */ = {isa = PBXFileReference; lastKnownFileType = sourcecode.swift; path = NetflixCloneUITests.swift; sourceTree = "<group>"; };
		5970BB7B2BDB98D000172C87 /* NetflixCloneUITestsLaunchTests.swift */ = {isa = PBXFileReference; lastKnownFileType = sourcecode.swift; path = NetflixCloneUITestsLaunchTests.swift; sourceTree = "<group>"; };
		5970BB892BDB9D5800172C87 /* HomeViewController.swift */ = {isa = PBXFileReference; lastKnownFileType = sourcecode.swift; path = HomeViewController.swift; sourceTree = "<group>"; };
		5970BB8B2BDB9D6700172C87 /* UpcomingViewController.swift */ = {isa = PBXFileReference; lastKnownFileType = sourcecode.swift; path = UpcomingViewController.swift; sourceTree = "<group>"; };
		5970BB8D2BDB9DAC00172C87 /* SearchViewController.swift */ = {isa = PBXFileReference; lastKnownFileType = sourcecode.swift; path = SearchViewController.swift; sourceTree = "<group>"; };
		5970BB8F2BDB9DB800172C87 /* DownloadsViewController.swift */ = {isa = PBXFileReference; lastKnownFileType = sourcecode.swift; path = DownloadsViewController.swift; sourceTree = "<group>"; };
		5970BB962BDBBDF800172C87 /* CollectionViewTableViewCell.swift */ = {isa = PBXFileReference; lastKnownFileType = sourcecode.swift; path = CollectionViewTableViewCell.swift; sourceTree = "<group>"; };
		5970BB982BDBDB5700172C87 /* HeroHeaderUIView.swift */ = {isa = PBXFileReference; lastKnownFileType = sourcecode.swift; path = HeroHeaderUIView.swift; sourceTree = "<group>"; };
		59887B862BE0DC6700E8012C /* APICaller.swift */ = {isa = PBXFileReference; lastKnownFileType = sourcecode.swift; path = APICaller.swift; sourceTree = "<group>"; };
		59887B882BE0E3C000E8012C /* Title.swift */ = {isa = PBXFileReference; lastKnownFileType = sourcecode.swift; path = Title.swift; sourceTree = "<group>"; };
		59887B8A2BE1035E00E8012C /* Extensions.swift */ = {isa = PBXFileReference; lastKnownFileType = sourcecode.swift; path = Extensions.swift; sourceTree = "<group>"; };
		59887B8E2BE12A9A00E8012C /* TitleCollectionViewCell.swift */ = {isa = PBXFileReference; lastKnownFileType = sourcecode.swift; path = TitleCollectionViewCell.swift; sourceTree = "<group>"; };
/* End PBXFileReference section */

/* Begin PBXFrameworksBuildPhase section */
		5970BB522BDB98CF00172C87 /* Frameworks */ = {
			isa = PBXFrameworksBuildPhase;
			buildActionMask = 2147483647;
			files = (
				59887B942BE12C5800E8012C /* SDWebImageMapKit in Frameworks */,
				59887B922BE12C5800E8012C /* SDWebImage in Frameworks */,
			);
			runOnlyForDeploymentPostprocessing = 0;
		};
		5970BB682BDB98D000172C87 /* Frameworks */ = {
			isa = PBXFrameworksBuildPhase;
			buildActionMask = 2147483647;
			files = (
			);
			runOnlyForDeploymentPostprocessing = 0;
		};
		5970BB722BDB98D000172C87 /* Frameworks */ = {
			isa = PBXFrameworksBuildPhase;
			buildActionMask = 2147483647;
			files = (
			);
			runOnlyForDeploymentPostprocessing = 0;
		};
/* End PBXFrameworksBuildPhase section */

/* Begin PBXGroup section */
		5970BB4C2BDB98CF00172C87 = {
			isa = PBXGroup;
			children = (
				5970BB572BDB98CF00172C87 /* NetflixClone */,
				5970BB6E2BDB98D000172C87 /* NetflixCloneTests */,
				5970BB782BDB98D000172C87 /* NetflixCloneUITests */,
				5970BB562BDB98CF00172C87 /* Products */,
			);
			sourceTree = "<group>";
		};
		5970BB562BDB98CF00172C87 /* Products */ = {
			isa = PBXGroup;
			children = (
				5970BB552BDB98CF00172C87 /* NetflixClone.app */,
				5970BB6B2BDB98D000172C87 /* NetflixCloneTests.xctest */,
				5970BB752BDB98D000172C87 /* NetflixCloneUITests.xctest */,
			);
			name = Products;
			sourceTree = "<group>";
		};
		5970BB572BDB98CF00172C87 /* NetflixClone */ = {
			isa = PBXGroup;
			children = (
				5970BB952BDBBDBC00172C87 /* Managers */,
				5970BB942BDBBDB200172C87 /* Resources */,
				5970BB932BDBBD8C00172C87 /* Models */,
				5970BB912BDBBD8400172C87 /* Views */,
				5970BB922BDBBD8700172C87 /* ViewModels */,
				5970BB882BDB9D4C00172C87 /* Controllers */,
				5970BB582BDB98CF00172C87 /* AppDelegate.swift */,
				5970BB5A2BDB98CF00172C87 /* SceneDelegate.swift */,
				5970BB5C2BDB98CF00172C87 /* MainTabBarViewController.swift */,
				5970BB612BDB98D000172C87 /* Assets.xcassets */,
				5970BB632BDB98D000172C87 /* LaunchScreen.storyboard */,
				5970BB662BDB98D000172C87 /* Info.plist */,
			);
			path = NetflixClone;
			sourceTree = "<group>";
		};
		5970BB6E2BDB98D000172C87 /* NetflixCloneTests */ = {
			isa = PBXGroup;
			children = (
				5970BB6F2BDB98D000172C87 /* NetflixCloneTests.swift */,
			);
			path = NetflixCloneTests;
			sourceTree = "<group>";
		};
		5970BB782BDB98D000172C87 /* NetflixCloneUITests */ = {
			isa = PBXGroup;
			children = (
				5970BB792BDB98D000172C87 /* NetflixCloneUITests.swift */,
				5970BB7B2BDB98D000172C87 /* NetflixCloneUITestsLaunchTests.swift */,
			);
			path = NetflixCloneUITests;
			sourceTree = "<group>";
		};
		5970BB882BDB9D4C00172C87 /* Controllers */ = {
			isa = PBXGroup;
			children = (
				5970BB892BDB9D5800172C87 /* HomeViewController.swift */,
				5970BB8B2BDB9D6700172C87 /* UpcomingViewController.swift */,
				5970BB8D2BDB9DAC00172C87 /* SearchViewController.swift */,
				5970BB8F2BDB9DB800172C87 /* DownloadsViewController.swift */,
			);
			path = Controllers;
			sourceTree = "<group>";
		};
		5970BB912BDBBD8400172C87 /* Views */ = {
			isa = PBXGroup;
			children = (
				5970BB962BDBBDF800172C87 /* CollectionViewTableViewCell.swift */,
				5970BB982BDBDB5700172C87 /* HeroHeaderUIView.swift */,
				59887B8E2BE12A9A00E8012C /* TitleCollectionViewCell.swift */,
			);
			path = Views;
			sourceTree = "<group>";
		};
		5970BB922BDBBD8700172C87 /* ViewModels */ = {
			isa = PBXGroup;
			children = (
			);
			path = ViewModels;
			sourceTree = "<group>";
		};
		5970BB932BDBBD8C00172C87 /* Models */ = {
			isa = PBXGroup;
			children = (
				59887B882BE0E3C000E8012C /* Title.swift */,
			);
			path = Models;
			sourceTree = "<group>";
		};
		5970BB942BDBBDB200172C87 /* Resources */ = {
			isa = PBXGroup;
			children = (
				59887B8A2BE1035E00E8012C /* Extensions.swift */,
			);
			path = Resources;
			sourceTree = "<group>";
		};
		5970BB952BDBBDBC00172C87 /* Managers */ = {
			isa = PBXGroup;
			children = (
				59887B862BE0DC6700E8012C /* APICaller.swift */,
			);
			path = Managers;
			sourceTree = "<group>";
		};
/* End PBXGroup section */

/* Begin PBXNativeTarget section */
		5970BB542BDB98CF00172C87 /* NetflixClone */ = {
			isa = PBXNativeTarget;
			buildConfigurationList = 5970BB7F2BDB98D000172C87 /* Build configuration list for PBXNativeTarget "NetflixClone" */;
			buildPhases = (
				5970BB512BDB98CF00172C87 /* Sources */,
				5970BB522BDB98CF00172C87 /* Frameworks */,
				5970BB532BDB98CF00172C87 /* Resources */,
			);
			buildRules = (
			);
			dependencies = (
			);
			name = NetflixClone;
			packageProductDependencies = (
				59887B912BE12C5800E8012C /* SDWebImage */,
				59887B932BE12C5800E8012C /* SDWebImageMapKit */,
			);
			productName = NetflixClone;
			productReference = 5970BB552BDB98CF00172C87 /* NetflixClone.app */;
			productType = "com.apple.product-type.application";
		};
		5970BB6A2BDB98D000172C87 /* NetflixCloneTests */ = {
			isa = PBXNativeTarget;
			buildConfigurationList = 5970BB822BDB98D000172C87 /* Build configuration list for PBXNativeTarget "NetflixCloneTests" */;
			buildPhases = (
				5970BB672BDB98D000172C87 /* Sources */,
				5970BB682BDB98D000172C87 /* Frameworks */,
				5970BB692BDB98D000172C87 /* Resources */,
			);
			buildRules = (
			);
			dependencies = (
				5970BB6D2BDB98D000172C87 /* PBXTargetDependency */,
			);
			name = NetflixCloneTests;
			productName = NetflixCloneTests;
			productReference = 5970BB6B2BDB98D000172C87 /* NetflixCloneTests.xctest */;
			productType = "com.apple.product-type.bundle.unit-test";
		};
		5970BB742BDB98D000172C87 /* NetflixCloneUITests */ = {
			isa = PBXNativeTarget;
			buildConfigurationList = 5970BB852BDB98D000172C87 /* Build configuration list for PBXNativeTarget "NetflixCloneUITests" */;
			buildPhases = (
				5970BB712BDB98D000172C87 /* Sources */,
				5970BB722BDB98D000172C87 /* Frameworks */,
				5970BB732BDB98D000172C87 /* Resources */,
			);
			buildRules = (
			);
			dependencies = (
				5970BB772BDB98D000172C87 /* PBXTargetDependency */,
			);
			name = NetflixCloneUITests;
			productName = NetflixCloneUITests;
			productReference = 5970BB752BDB98D000172C87 /* NetflixCloneUITests.xctest */;
			productType = "com.apple.product-type.bundle.ui-testing";
		};
/* End PBXNativeTarget section */

/* Begin PBXProject section */
		5970BB4D2BDB98CF00172C87 /* Project object */ = {
			isa = PBXProject;
			attributes = {
				BuildIndependentTargetsInParallel = 1;
				LastSwiftUpdateCheck = 1530;
				LastUpgradeCheck = 1530;
				TargetAttributes = {
					5970BB542BDB98CF00172C87 = {
						CreatedOnToolsVersion = 15.3;
					};
					5970BB6A2BDB98D000172C87 = {
						CreatedOnToolsVersion = 15.3;
						TestTargetID = 5970BB542BDB98CF00172C87;
					};
					5970BB742BDB98D000172C87 = {
						CreatedOnToolsVersion = 15.3;
						TestTargetID = 5970BB542BDB98CF00172C87;
					};
				};
			};
			buildConfigurationList = 5970BB502BDB98CF00172C87 /* Build configuration list for PBXProject "NetflixClone" */;
			compatibilityVersion = "Xcode 14.0";
			developmentRegion = en;
			hasScannedForEncodings = 0;
			knownRegions = (
				en,
				Base,
			);
			mainGroup = 5970BB4C2BDB98CF00172C87;
			packageReferences = (
				59887B902BE12C5800E8012C /* XCRemoteSwiftPackageReference "SDWebImage" */,
			);
			productRefGroup = 5970BB562BDB98CF00172C87 /* Products */;
			projectDirPath = "";
			projectRoot = "";
			targets = (
				5970BB542BDB98CF00172C87 /* NetflixClone */,
				5970BB6A2BDB98D000172C87 /* NetflixCloneTests */,
				5970BB742BDB98D000172C87 /* NetflixCloneUITests */,
			);
		};
/* End PBXProject section */

/* Begin PBXResourcesBuildPhase section */
		5970BB532BDB98CF00172C87 /* Resources */ = {
			isa = PBXResourcesBuildPhase;
			buildActionMask = 2147483647;
			files = (
				5970BB622BDB98D000172C87 /* Assets.xcassets in Resources */,
				5970BB652BDB98D000172C87 /* Base in Resources */,
			);
			runOnlyForDeploymentPostprocessing = 0;
		};
		5970BB692BDB98D000172C87 /* Resources */ = {
			isa = PBXResourcesBuildPhase;
			buildActionMask = 2147483647;
			files = (
			);
			runOnlyForDeploymentPostprocessing = 0;
		};
		5970BB732BDB98D000172C87 /* Resources */ = {
			isa = PBXResourcesBuildPhase;
			buildActionMask = 2147483647;
			files = (
			);
			runOnlyForDeploymentPostprocessing = 0;
		};
/* End PBXResourcesBuildPhase section */

/* Begin PBXSourcesBuildPhase section */
		5970BB512BDB98CF00172C87 /* Sources */ = {
			isa = PBXSourcesBuildPhase;
			buildActionMask = 2147483647;
			files = (
				5970BB8E2BDB9DAC00172C87 /* SearchViewController.swift in Sources */,
				59887B8F2BE12A9A00E8012C /* TitleCollectionViewCell.swift in Sources */,
				5970BB5D2BDB98CF00172C87 /* MainTabBarViewController.swift in Sources */,
				5970BB972BDBBDF800172C87 /* CollectionViewTableViewCell.swift in Sources */,
				59887B872BE0DC6700E8012C /* APICaller.swift in Sources */,
				5970BB992BDBDB5700172C87 /* HeroHeaderUIView.swift in Sources */,
				5970BB902BDB9DB800172C87 /* DownloadsViewController.swift in Sources */,
				5970BB592BDB98CF00172C87 /* AppDelegate.swift in Sources */,
				59887B8B2BE1035E00E8012C /* Extensions.swift in Sources */,
				5970BB5B2BDB98CF00172C87 /* SceneDelegate.swift in Sources */,
				5970BB8C2BDB9D6700172C87 /* UpcomingViewController.swift in Sources */,
				59887B892BE0E3C000E8012C /* Title.swift in Sources */,
				5970BB8A2BDB9D5800172C87 /* HomeViewController.swift in Sources */,
			);
			runOnlyForDeploymentPostprocessing = 0;
		};
		5970BB672BDB98D000172C87 /* Sources */ = {
			isa = PBXSourcesBuildPhase;
			buildActionMask = 2147483647;
			files = (
				5970BB702BDB98D000172C87 /* NetflixCloneTests.swift in Sources */,
			);
			runOnlyForDeploymentPostprocessing = 0;
		};
		5970BB712BDB98D000172C87 /* Sources */ = {
			isa = PBXSourcesBuildPhase;
			buildActionMask = 2147483647;
			files = (
				5970BB7A2BDB98D000172C87 /* NetflixCloneUITests.swift in Sources */,
				5970BB7C2BDB98D000172C87 /* NetflixCloneUITestsLaunchTests.swift in Sources */,
			);
			runOnlyForDeploymentPostprocessing = 0;
		};
/* End PBXSourcesBuildPhase section */

/* Begin PBXTargetDependency section */
		5970BB6D2BDB98D000172C87 /* PBXTargetDependency */ = {
			isa = PBXTargetDependency;
			target = 5970BB542BDB98CF00172C87 /* NetflixClone */;
			targetProxy = 5970BB6C2BDB98D000172C87 /* PBXContainerItemProxy */;
		};
		5970BB772BDB98D000172C87 /* PBXTargetDependency */ = {
			isa = PBXTargetDependency;
			target = 5970BB542BDB98CF00172C87 /* NetflixClone */;
			targetProxy = 5970BB762BDB98D000172C87 /* PBXContainerItemProxy */;
		};
/* End PBXTargetDependency section */

/* Begin PBXVariantGroup section */
		5970BB632BDB98D000172C87 /* LaunchScreen.storyboard */ = {
			isa = PBXVariantGroup;
			children = (
				5970BB642BDB98D000172C87 /* Base */,
			);
			name = LaunchScreen.storyboard;
			sourceTree = "<group>";
		};
/* End PBXVariantGroup section */

/* Begin XCBuildConfiguration section */
		5970BB7D2BDB98D000172C87 /* Debug */ = {
			isa = XCBuildConfiguration;
			buildSettings = {
				ALWAYS_SEARCH_USER_PATHS = NO;
				ASSETCATALOG_COMPILER_GENERATE_SWIFT_ASSET_SYMBOL_EXTENSIONS = YES;
				CLANG_ANALYZER_NONNULL = YES;
				CLANG_ANALYZER_NUMBER_OBJECT_CONVERSION = YES_AGGRESSIVE;
				CLANG_CXX_LANGUAGE_STANDARD = "gnu++20";
				CLANG_ENABLE_MODULES = YES;
				CLANG_ENABLE_OBJC_ARC = YES;
				CLANG_ENABLE_OBJC_WEAK = YES;
				CLANG_WARN_BLOCK_CAPTURE_AUTORELEASING = YES;
				CLANG_WARN_BOOL_CONVERSION = YES;
				CLANG_WARN_COMMA = YES;
				CLANG_WARN_CONSTANT_CONVERSION = YES;
				CLANG_WARN_DEPRECATED_OBJC_IMPLEMENTATIONS = YES;
				CLANG_WARN_DIRECT_OBJC_ISA_USAGE = YES_ERROR;
				CLANG_WARN_DOCUMENTATION_COMMENTS = YES;
				CLANG_WARN_EMPTY_BODY = YES;
				CLANG_WARN_ENUM_CONVERSION = YES;
				CLANG_WARN_INFINITE_RECURSION = YES;
				CLANG_WARN_INT_CONVERSION = YES;
				CLANG_WARN_NON_LITERAL_NULL_CONVERSION = YES;
				CLANG_WARN_OBJC_IMPLICIT_RETAIN_SELF = YES;
				CLANG_WARN_OBJC_LITERAL_CONVERSION = YES;
				CLANG_WARN_OBJC_ROOT_CLASS = YES_ERROR;
				CLANG_WARN_QUOTED_INCLUDE_IN_FRAMEWORK_HEADER = YES;
				CLANG_WARN_RANGE_LOOP_ANALYSIS = YES;
				CLANG_WARN_STRICT_PROTOTYPES = YES;
				CLANG_WARN_SUSPICIOUS_MOVE = YES;
				CLANG_WARN_UNGUARDED_AVAILABILITY = YES_AGGRESSIVE;
				CLANG_WARN_UNREACHABLE_CODE = YES;
				CLANG_WARN__DUPLICATE_METHOD_MATCH = YES;
				COPY_PHASE_STRIP = NO;
				DEBUG_INFORMATION_FORMAT = dwarf;
				ENABLE_STRICT_OBJC_MSGSEND = YES;
				ENABLE_TESTABILITY = YES;
				ENABLE_USER_SCRIPT_SANDBOXING = YES;
				GCC_C_LANGUAGE_STANDARD = gnu17;
				GCC_DYNAMIC_NO_PIC = NO;
				GCC_NO_COMMON_BLOCKS = YES;
				GCC_OPTIMIZATION_LEVEL = 0;
				GCC_PREPROCESSOR_DEFINITIONS = (
					"DEBUG=1",
					"$(inherited)",
				);
				GCC_WARN_64_TO_32_BIT_CONVERSION = YES;
				GCC_WARN_ABOUT_RETURN_TYPE = YES_ERROR;
				GCC_WARN_UNDECLARED_SELECTOR = YES;
				GCC_WARN_UNINITIALIZED_AUTOS = YES_AGGRESSIVE;
				GCC_WARN_UNUSED_FUNCTION = YES;
				GCC_WARN_UNUSED_VARIABLE = YES;
				IPHONEOS_DEPLOYMENT_TARGET = 17.4;
				LOCALIZATION_PREFERS_STRING_CATALOGS = YES;
				MTL_ENABLE_DEBUG_INFO = INCLUDE_SOURCE;
				MTL_FAST_MATH = YES;
				ONLY_ACTIVE_ARCH = YES;
				SDKROOT = iphoneos;
				SWIFT_ACTIVE_COMPILATION_CONDITIONS = "DEBUG $(inherited)";
				SWIFT_OPTIMIZATION_LEVEL = "-Onone";
			};
			name = Debug;
		};
		5970BB7E2BDB98D000172C87 /* Release */ = {
			isa = XCBuildConfiguration;
			buildSettings = {
				ALWAYS_SEARCH_USER_PATHS = NO;
				ASSETCATALOG_COMPILER_GENERATE_SWIFT_ASSET_SYMBOL_EXTENSIONS = YES;
				CLANG_ANALYZER_NONNULL = YES;
				CLANG_ANALYZER_NUMBER_OBJECT_CONVERSION = YES_AGGRESSIVE;
				CLANG_CXX_LANGUAGE_STANDARD = "gnu++20";
				CLANG_ENABLE_MODULES = YES;
				CLANG_ENABLE_OBJC_ARC = YES;
				CLANG_ENABLE_OBJC_WEAK = YES;
				CLANG_WARN_BLOCK_CAPTURE_AUTORELEASING = YES;
				CLANG_WARN_BOOL_CONVERSION = YES;
				CLANG_WARN_COMMA = YES;
				CLANG_WARN_CONSTANT_CONVERSION = YES;
				CLANG_WARN_DEPRECATED_OBJC_IMPLEMENTATIONS = YES;
				CLANG_WARN_DIRECT_OBJC_ISA_USAGE = YES_ERROR;
				CLANG_WARN_DOCUMENTATION_COMMENTS = YES;
				CLANG_WARN_EMPTY_BODY = YES;
				CLANG_WARN_ENUM_CONVERSION = YES;
				CLANG_WARN_INFINITE_RECURSION = YES;
				CLANG_WARN_INT_CONVERSION = YES;
				CLANG_WARN_NON_LITERAL_NULL_CONVERSION = YES;
				CLANG_WARN_OBJC_IMPLICIT_RETAIN_SELF = YES;
				CLANG_WARN_OBJC_LITERAL_CONVERSION = YES;
				CLANG_WARN_OBJC_ROOT_CLASS = YES_ERROR;
				CLANG_WARN_QUOTED_INCLUDE_IN_FRAMEWORK_HEADER = YES;
				CLANG_WARN_RANGE_LOOP_ANALYSIS = YES;
				CLANG_WARN_STRICT_PROTOTYPES = YES;
				CLANG_WARN_SUSPICIOUS_MOVE = YES;
				CLANG_WARN_UNGUARDED_AVAILABILITY = YES_AGGRESSIVE;
				CLANG_WARN_UNREACHABLE_CODE = YES;
				CLANG_WARN__DUPLICATE_METHOD_MATCH = YES;
				COPY_PHASE_STRIP = NO;
				DEBUG_INFORMATION_FORMAT = "dwarf-with-dsym";
				ENABLE_NS_ASSERTIONS = NO;
				ENABLE_STRICT_OBJC_MSGSEND = YES;
				ENABLE_USER_SCRIPT_SANDBOXING = YES;
				GCC_C_LANGUAGE_STANDARD = gnu17;
				GCC_NO_COMMON_BLOCKS = YES;
				GCC_WARN_64_TO_32_BIT_CONVERSION = YES;
				GCC_WARN_ABOUT_RETURN_TYPE = YES_ERROR;
				GCC_WARN_UNDECLARED_SELECTOR = YES;
				GCC_WARN_UNINITIALIZED_AUTOS = YES_AGGRESSIVE;
				GCC_WARN_UNUSED_FUNCTION = YES;
				GCC_WARN_UNUSED_VARIABLE = YES;
				IPHONEOS_DEPLOYMENT_TARGET = 17.4;
				LOCALIZATION_PREFERS_STRING_CATALOGS = YES;
				MTL_ENABLE_DEBUG_INFO = NO;
				MTL_FAST_MATH = YES;
				SDKROOT = iphoneos;
				SWIFT_COMPILATION_MODE = wholemodule;
				VALIDATE_PRODUCT = YES;
			};
			name = Release;
		};
		5970BB802BDB98D000172C87 /* Debug */ = {
			isa = XCBuildConfiguration;
			buildSettings = {
				ASSETCATALOG_COMPILER_APPICON_NAME = AppIcon;
				ASSETCATALOG_COMPILER_GLOBAL_ACCENT_COLOR_NAME = AccentColor;
				CODE_SIGN_STYLE = Automatic;
				CURRENT_PROJECT_VERSION = 1;
				DEVELOPMENT_TEAM = Z36G4RL54Y;
				GENERATE_INFOPLIST_FILE = YES;
				INFOPLIST_FILE = NetflixClone/Info.plist;
				INFOPLIST_KEY_UIApplicationSupportsIndirectInputEvents = YES;
				INFOPLIST_KEY_UILaunchStoryboardName = LaunchScreen;
				INFOPLIST_KEY_UISupportedInterfaceOrientations_iPad = "UIInterfaceOrientationPortrait UIInterfaceOrientationPortraitUpsideDown UIInterfaceOrientationLandscapeLeft UIInterfaceOrientationLandscapeRight";
				INFOPLIST_KEY_UISupportedInterfaceOrientations_iPhone = "UIInterfaceOrientationPortrait UIInterfaceOrientationLandscapeLeft UIInterfaceOrientationLandscapeRight";
				LD_RUNPATH_SEARCH_PATHS = (
					"$(inherited)",
					"@executable_path/Frameworks",
				);
				MARKETING_VERSION = 1.0;
				PRODUCT_BUNDLE_IDENTIFIER = com.yektaokdan.NetflixClone;
				PRODUCT_NAME = "$(TARGET_NAME)";
				SWIFT_EMIT_LOC_STRINGS = YES;
				SWIFT_VERSION = 5.0;
				TARGETED_DEVICE_FAMILY = "1,2";
			};
			name = Debug;
		};
		5970BB812BDB98D000172C87 /* Release */ = {
			isa = XCBuildConfiguration;
			buildSettings = {
				ASSETCATALOG_COMPILER_APPICON_NAME = AppIcon;
				ASSETCATALOG_COMPILER_GLOBAL_ACCENT_COLOR_NAME = AccentColor;
				CODE_SIGN_STYLE = Automatic;
				CURRENT_PROJECT_VERSION = 1;
				DEVELOPMENT_TEAM = Z36G4RL54Y;
				GENERATE_INFOPLIST_FILE = YES;
				INFOPLIST_FILE = NetflixClone/Info.plist;
				INFOPLIST_KEY_UIApplicationSupportsIndirectInputEvents = YES;
				INFOPLIST_KEY_UILaunchStoryboardName = LaunchScreen;
				INFOPLIST_KEY_UISupportedInterfaceOrientations_iPad = "UIInterfaceOrientationPortrait UIInterfaceOrientationPortraitUpsideDown UIInterfaceOrientationLandscapeLeft UIInterfaceOrientationLandscapeRight";
				INFOPLIST_KEY_UISupportedInterfaceOrientations_iPhone = "UIInterfaceOrientationPortrait UIInterfaceOrientationLandscapeLeft UIInterfaceOrientationLandscapeRight";
				LD_RUNPATH_SEARCH_PATHS = (
					"$(inherited)",
					"@executable_path/Frameworks",
				);
				MARKETING_VERSION = 1.0;
				PRODUCT_BUNDLE_IDENTIFIER = com.yektaokdan.NetflixClone;
				PRODUCT_NAME = "$(TARGET_NAME)";
				SWIFT_EMIT_LOC_STRINGS = YES;
				SWIFT_VERSION = 5.0;
				TARGETED_DEVICE_FAMILY = "1,2";
			};
			name = Release;
		};
		5970BB832BDB98D000172C87 /* Debug */ = {
			isa = XCBuildConfiguration;
			buildSettings = {
				ALWAYS_EMBED_SWIFT_STANDARD_LIBRARIES = YES;
				BUNDLE_LOADER = "$(TEST_HOST)";
				CODE_SIGN_STYLE = Automatic;
				CURRENT_PROJECT_VERSION = 1;
				DEVELOPMENT_TEAM = Z36G4RL54Y;
				GENERATE_INFOPLIST_FILE = YES;
				IPHONEOS_DEPLOYMENT_TARGET = 17.4;
				MARKETING_VERSION = 1.0;
				PRODUCT_BUNDLE_IDENTIFIER = com.yektaokdan.NetflixCloneTests;
				PRODUCT_NAME = "$(TARGET_NAME)";
				SWIFT_EMIT_LOC_STRINGS = NO;
				SWIFT_VERSION = 5.0;
				TARGETED_DEVICE_FAMILY = "1,2";
				TEST_HOST = "$(BUILT_PRODUCTS_DIR)/NetflixClone.app/$(BUNDLE_EXECUTABLE_FOLDER_PATH)/NetflixClone";
			};
			name = Debug;
		};
		5970BB842BDB98D000172C87 /* Release */ = {
			isa = XCBuildConfiguration;
			buildSettings = {
				ALWAYS_EMBED_SWIFT_STANDARD_LIBRARIES = YES;
				BUNDLE_LOADER = "$(TEST_HOST)";
				CODE_SIGN_STYLE = Automatic;
				CURRENT_PROJECT_VERSION = 1;
				DEVELOPMENT_TEAM = Z36G4RL54Y;
				GENERATE_INFOPLIST_FILE = YES;
				IPHONEOS_DEPLOYMENT_TARGET = 17.4;
				MARKETING_VERSION = 1.0;
				PRODUCT_BUNDLE_IDENTIFIER = com.yektaokdan.NetflixCloneTests;
				PRODUCT_NAME = "$(TARGET_NAME)";
				SWIFT_EMIT_LOC_STRINGS = NO;
				SWIFT_VERSION = 5.0;
				TARGETED_DEVICE_FAMILY = "1,2";
				TEST_HOST = "$(BUILT_PRODUCTS_DIR)/NetflixClone.app/$(BUNDLE_EXECUTABLE_FOLDER_PATH)/NetflixClone";
			};
			name = Release;
		};
		5970BB862BDB98D000172C87 /* Debug */ = {
			isa = XCBuildConfiguration;
			buildSettings = {
				ALWAYS_EMBED_SWIFT_STANDARD_LIBRARIES = YES;
				CODE_SIGN_STYLE = Automatic;
				CURRENT_PROJECT_VERSION = 1;
				DEVELOPMENT_TEAM = Z36G4RL54Y;
				GENERATE_INFOPLIST_FILE = YES;
				MARKETING_VERSION = 1.0;
				PRODUCT_BUNDLE_IDENTIFIER = com.yektaokdan.NetflixCloneUITests;
				PRODUCT_NAME = "$(TARGET_NAME)";
				SWIFT_EMIT_LOC_STRINGS = NO;
				SWIFT_VERSION = 5.0;
				TARGETED_DEVICE_FAMILY = "1,2";
				TEST_TARGET_NAME = NetflixClone;
			};
			name = Debug;
		};
		5970BB872BDB98D000172C87 /* Release */ = {
			isa = XCBuildConfiguration;
			buildSettings = {
				ALWAYS_EMBED_SWIFT_STANDARD_LIBRARIES = YES;
				CODE_SIGN_STYLE = Automatic;
				CURRENT_PROJECT_VERSION = 1;
				DEVELOPMENT_TEAM = Z36G4RL54Y;
				GENERATE_INFOPLIST_FILE = YES;
				MARKETING_VERSION = 1.0;
				PRODUCT_BUNDLE_IDENTIFIER = com.yektaokdan.NetflixCloneUITests;
				PRODUCT_NAME = "$(TARGET_NAME)";
				SWIFT_EMIT_LOC_STRINGS = NO;
				SWIFT_VERSION = 5.0;
				TARGETED_DEVICE_FAMILY = "1,2";
				TEST_TARGET_NAME = NetflixClone;
			};
			name = Release;
		};
/* End XCBuildConfiguration section */

/* Begin XCConfigurationList section */
		5970BB502BDB98CF00172C87 /* Build configuration list for PBXProject "NetflixClone" */ = {
			isa = XCConfigurationList;
			buildConfigurations = (
				5970BB7D2BDB98D000172C87 /* Debug */,
				5970BB7E2BDB98D000172C87 /* Release */,
			);
			defaultConfigurationIsVisible = 0;
			defaultConfigurationName = Release;
		};
		5970BB7F2BDB98D000172C87 /* Build configuration list for PBXNativeTarget "NetflixClone" */ = {
			isa = XCConfigurationList;
			buildConfigurations = (
				5970BB802BDB98D000172C87 /* Debug */,
				5970BB812BDB98D000172C87 /* Release */,
			);
			defaultConfigurationIsVisible = 0;
			defaultConfigurationName = Release;
		};
		5970BB822BDB98D000172C87 /* Build configuration list for PBXNativeTarget "NetflixCloneTests" */ = {
			isa = XCConfigurationList;
			buildConfigurations = (
				5970BB832BDB98D000172C87 /* Debug */,
				5970BB842BDB98D000172C87 /* Release */,
			);
			defaultConfigurationIsVisible = 0;
			defaultConfigurationName = Release;
		};
		5970BB852BDB98D000172C87 /* Build configuration list for PBXNativeTarget "NetflixCloneUITests" */ = {
			isa = XCConfigurationList;
			buildConfigurations = (
				5970BB862BDB98D000172C87 /* Debug */,
				5970BB872BDB98D000172C87 /* Release */,
			);
			defaultConfigurationIsVisible = 0;
			defaultConfigurationName = Release;
		};
/* End XCConfigurationList section */

/* Begin XCRemoteSwiftPackageReference section */
		59887B902BE12C5800E8012C /* XCRemoteSwiftPackageReference "SDWebImage" */ = {
			isa = XCRemoteSwiftPackageReference;
			repositoryURL = "https://github.com/SDWebImage/SDWebImage.git";
			requirement = {
				kind = upToNextMajorVersion;
				minimumVersion = 5.19.1;
			};
		};
/* End XCRemoteSwiftPackageReference section */

/* Begin XCSwiftPackageProductDependency section */
		59887B912BE12C5800E8012C /* SDWebImage */ = {
			isa = XCSwiftPackageProductDependency;
			package = 59887B902BE12C5800E8012C /* XCRemoteSwiftPackageReference "SDWebImage" */;
			productName = SDWebImage;
		};
		59887B932BE12C5800E8012C /* SDWebImageMapKit */ = {
			isa = XCSwiftPackageProductDependency;
			package = 59887B902BE12C5800E8012C /* XCRemoteSwiftPackageReference "SDWebImage" */;
			productName = SDWebImageMapKit;
		};
/* End XCSwiftPackageProductDependency section */
	};
	rootObject = 5970BB4D2BDB98CF00172C87 /* Project object */;
}
